
Microsoft Visual Studio Solution File, Format Version 12.00
# Visual Studio Version 17
VisualStudioVersion = 17.11.35312.102
MinimumVisualStudioVersion = 10.0.40219.1
Project("{9A19103F-16F7-4668-BE54-9A1E7A4F7556}") = "DayPlanner", "DayPlanner\DayPlanner.csproj", "{10E18FBF-6C9F-4B8A-A405-F560D1BE59FA}"
EndProject
Project("{FAE04EC0-301F-11D3-BF4B-00C04F79EFBC}") = "DayPlanner.Api", "DayPlanner.Api\DayPlanner.Api.csproj", "{E99B3758-B14B-47D7-916B-0F271BDD815C}"
EndProject
Project("{FAE04EC0-301F-11D3-BF4B-00C04F79EFBC}") = "DayPlanner.Authorization", "DayPlanner.Authorization\DayPlanner.Authorization.csproj", "{6AE2AD77-076F-435E-8E82-BC6C2B48D290}"
EndProject
Project("{FAE04EC0-301F-11D3-BF4B-00C04F79EFBC}") = "DayPlanner.Abstractions", "DayPlanner.Abstractions\DayPlanner.Abstractions.csproj", "{1E9D51FF-02D1-4FAF-8CEA-D3E89B350740}"
EndProject
Project("{FAE04EC0-301F-11D3-BF4B-00C04F79EFBC}") = "DayPlanner.FireStore", "DayPlanner.FireStore\DayPlanner.FireStore.csproj", "{62D17F37-F1E3-4BB5-8908-A23E3865D21A}"
EndProject
Project("{FAE04EC0-301F-11D3-BF4B-00C04F79EFBC}") = "DayPlanner.ThirdPartyImports", "DayPlanner.ThirdPartyImports\DayPlanner.ThirdPartyImports.csproj", "{149FBAF5-B0FD-4195-8D38-E5638BD38BF3}"
EndProject
Project("{FAE04EC0-301F-11D3-BF4B-00C04F79EFBC}") = "DayPlanner.Tests", "DayPlanner.Tests\DayPlanner.Tests.csproj", "{B40849CC-D36A-4B8F-A00C-880BFE336C4B}"
EndProject
Global
	GlobalSection(SolutionConfigurationPlatforms) = preSolution
		Debug|Any CPU = Debug|Any CPU
		Release|Any CPU = Release|Any CPU
	EndGlobalSection
	GlobalSection(ProjectConfigurationPlatforms) = postSolution
		{10E18FBF-6C9F-4B8A-A405-F560D1BE59FA}.Debug|Any CPU.ActiveCfg = Debug|Any CPU
		{10E18FBF-6C9F-4B8A-A405-F560D1BE59FA}.Debug|Any CPU.Build.0 = Debug|Any CPU
		{10E18FBF-6C9F-4B8A-A405-F560D1BE59FA}.Debug|Any CPU.Deploy.0 = Debug|Any CPU
		{10E18FBF-6C9F-4B8A-A405-F560D1BE59FA}.Release|Any CPU.ActiveCfg = Release|Any CPU
		{10E18FBF-6C9F-4B8A-A405-F560D1BE59FA}.Release|Any CPU.Build.0 = Release|Any CPU
		{10E18FBF-6C9F-4B8A-A405-F560D1BE59FA}.Release|Any CPU.Deploy.0 = Release|Any CPU
		{E99B3758-B14B-47D7-916B-0F271BDD815C}.Debug|Any CPU.ActiveCfg = Debug|Any CPU
		{E99B3758-B14B-47D7-916B-0F271BDD815C}.Debug|Any CPU.Build.0 = Debug|Any CPU
		{E99B3758-B14B-47D7-916B-0F271BDD815C}.Release|Any CPU.ActiveCfg = Release|Any CPU
		{E99B3758-B14B-47D7-916B-0F271BDD815C}.Release|Any CPU.Build.0 = Release|Any CPU
		{6AE2AD77-076F-435E-8E82-BC6C2B48D290}.Debug|Any CPU.ActiveCfg = Debug|Any CPU
		{6AE2AD77-076F-435E-8E82-BC6C2B48D290}.Debug|Any CPU.Build.0 = Debug|Any CPU
		{6AE2AD77-076F-435E-8E82-BC6C2B48D290}.Release|Any CPU.ActiveCfg = Release|Any CPU
		{6AE2AD77-076F-435E-8E82-BC6C2B48D290}.Release|Any CPU.Build.0 = Release|Any CPU
		{1E9D51FF-02D1-4FAF-8CEA-D3E89B350740}.Debug|Any CPU.ActiveCfg = Debug|Any CPU
		{1E9D51FF-02D1-4FAF-8CEA-D3E89B350740}.Debug|Any CPU.Build.0 = Debug|Any CPU
		{1E9D51FF-02D1-4FAF-8CEA-D3E89B350740}.Release|Any CPU.ActiveCfg = Release|Any CPU
		{1E9D51FF-02D1-4FAF-8CEA-D3E89B350740}.Release|Any CPU.Build.0 = Release|Any CPU
		{62D17F37-F1E3-4BB5-8908-A23E3865D21A}.Debug|Any CPU.ActiveCfg = Debug|Any CPU
		{62D17F37-F1E3-4BB5-8908-A23E3865D21A}.Debug|Any CPU.Build.0 = Debug|Any CPU
		{62D17F37-F1E3-4BB5-8908-A23E3865D21A}.Release|Any CPU.ActiveCfg = Release|Any CPU
		{62D17F37-F1E3-4BB5-8908-A23E3865D21A}.Release|Any CPU.Build.0 = Release|Any CPU
		{149FBAF5-B0FD-4195-8D38-E5638BD38BF3}.Debug|Any CPU.ActiveCfg = Debug|Any CPU
		{149FBAF5-B0FD-4195-8D38-E5638BD38BF3}.Debug|Any CPU.Build.0 = Debug|Any CPU
		{149FBAF5-B0FD-4195-8D38-E5638BD38BF3}.Release|Any CPU.ActiveCfg = Release|Any CPU
		{149FBAF5-B0FD-4195-8D38-E5638BD38BF3}.Release|Any CPU.Build.0 = Release|Any CPU
		{B40849CC-D36A-4B8F-A00C-880BFE336C4B}.Debug|Any CPU.ActiveCfg = Debug|Any CPU
		{B40849CC-D36A-4B8F-A00C-880BFE336C4B}.Debug|Any CPU.Build.0 = Debug|Any CPU
		{B40849CC-D36A-4B8F-A00C-880BFE336C4B}.Release|Any CPU.ActiveCfg = Release|Any CPU
		{B40849CC-D36A-4B8F-A00C-880BFE336C4B}.Release|Any CPU.Build.0 = Release|Any CPU
	EndGlobalSection
	GlobalSection(SolutionProperties) = preSolution
		HideSolutionNode = FALSE
	EndGlobalSection
	GlobalSection(ExtensibilityGlobals) = postSolution
		SolutionGuid = {AC3AAC9E-4EBC-41EF-901E-198663DFD98E}
	EndGlobalSection
EndGlobal
